
Microsoft Visual Studio Solution File, Format Version 12.00
# Visual Studio Version 17
VisualStudioVersion = 17.2.32427.441
MinimumVisualStudioVersion = 10.0.40219.1
Project("{9A19103F-16F7-4668-BE54-9A1E7A4F7556}") = "DoggieNote", "DoggieNote.csproj", "{D2A9ABF9-51F4-41FA-90DD-FB3C2D052C87}"
EndProject
Project("{FAE04EC0-301F-11D3-BF4B-00C04F79EFBC}") = "DoggieNote.Console", "..\DoggieNote.Console\DoggieNote.Console.csproj", "{DAD08DD8-1F79-44D7-90FC-BBC113DE9D8E}"
EndProject
Global
	GlobalSection(SolutionConfigurationPlatforms) = preSolution
		Debug|Any CPU = Debug|Any CPU
		Release|Any CPU = Release|Any CPU
	EndGlobalSection
	GlobalSection(ProjectConfigurationPlatforms) = postSolution
		{D2A9ABF9-51F4-41FA-90DD-FB3C2D052C87}.Debug|Any CPU.ActiveCfg = Debug|Any CPU
		{D2A9ABF9-51F4-41FA-90DD-FB3C2D052C87}.Debug|Any CPU.Build.0 = Debug|Any CPU
		{D2A9ABF9-51F4-41FA-90DD-FB3C2D052C87}.Release|Any CPU.ActiveCfg = Release|Any CPU
		{D2A9ABF9-51F4-41FA-90DD-FB3C2D052C87}.Release|Any CPU.Build.0 = Release|Any CPU
		{DAD08DD8-1F79-44D7-90FC-BBC113DE9D8E}.Debug|Any CPU.ActiveCfg = Debug|Any CPU
		{DAD08DD8-1F79-44D7-90FC-BBC113DE9D8E}.Debug|Any CPU.Build.0 = Debug|Any CPU
		{DAD08DD8-1F79-44D7-90FC-BBC113DE9D8E}.Release|Any CPU.ActiveCfg = Release|Any CPU
		{DAD08DD8-1F79-44D7-90FC-BBC113DE9D8E}.Release|Any CPU.Build.0 = Release|Any CPU
	EndGlobalSection
	GlobalSection(SolutionProperties) = preSolution
		HideSolutionNode = FALSE
	EndGlobalSection
	GlobalSection(ExtensibilityGlobals) = postSolution
		SolutionGuid = {B0FA7A37-7B3C-4110-9D01-693339CCF9B8}
	EndGlobalSection
EndGlobal
